
Microsoft Visual Studio Solution File, Format Version 12.00
# Visual Studio Version 16
VisualStudioVersion = 16.0.32510.428
MinimumVisualStudioVersion = 10.0.40219.1
Project("{FAE04EC0-301F-11D3-BF4B-00C04F79EFBC}") = "DemoPropelTestGit", "DemoPropelTestGit\DemoPropelTestGit.csproj", "{CDBA9A31-1BE1-4B82-B7D1-7E32A9BED044}"
EndProject
Global
	GlobalSection(SolutionConfigurationPlatforms) = preSolution
		Debug|Any CPU = Debug|Any CPU
		Release|Any CPU = Release|Any CPU
	EndGlobalSection
	GlobalSection(ProjectConfigurationPlatforms) = postSolution
		{CDBA9A31-1BE1-4B82-B7D1-7E32A9BED044}.Debug|Any CPU.ActiveCfg = Debug|Any CPU
		{CDBA9A31-1BE1-4B82-B7D1-7E32A9BED044}.Debug|Any CPU.Build.0 = Debug|Any CPU
		{CDBA9A31-1BE1-4B82-B7D1-7E32A9BED044}.Release|Any CPU.ActiveCfg = Release|Any CPU
		{CDBA9A31-1BE1-4B82-B7D1-7E32A9BED044}.Release|Any CPU.Build.0 = Release|Any CPU
	EndGlobalSection
	GlobalSection(SolutionProperties) = preSolution
		HideSolutionNode = FALSE
	EndGlobalSection
	GlobalSection(ExtensibilityGlobals) = postSolution
		SolutionGuid = {6B02739D-0941-48EE-B4EC-F0DB1E7355B3}
	EndGlobalSection
EndGlobal
